
Microsoft Visual Studio Solution File, Format Version 12.00
# Visual Studio Version 16
VisualStudioVersion = 16.0.32901.82
MinimumVisualStudioVersion = 10.0.40219.1
Project("{FAE04EC0-301F-11D3-BF4B-00C04F79EFBC}") = "aplikacja webowa - praca inzynierska", "aplikacja webowa - praca inzynierska\aplikacja webowa - praca inzynierska.csproj", "{31547B48-D717-4E44-AEA6-B40680CA88CC}"
EndProject
Global
	GlobalSection(SolutionConfigurationPlatforms) = preSolution
		Debug|Any CPU = Debug|Any CPU
		Release|Any CPU = Release|Any CPU
	EndGlobalSection
	GlobalSection(ProjectConfigurationPlatforms) = postSolution
		{31547B48-D717-4E44-AEA6-B40680CA88CC}.Debug|Any CPU.ActiveCfg = Debug|Any CPU
		{31547B48-D717-4E44-AEA6-B40680CA88CC}.Debug|Any CPU.Build.0 = Debug|Any CPU
		{31547B48-D717-4E44-AEA6-B40680CA88CC}.Release|Any CPU.ActiveCfg = Release|Any CPU
		{31547B48-D717-4E44-AEA6-B40680CA88CC}.Release|Any CPU.Build.0 = Release|Any CPU
	EndGlobalSection
	GlobalSection(SolutionProperties) = preSolution
		HideSolutionNode = FALSE
	EndGlobalSection
	GlobalSection(ExtensibilityGlobals) = postSolution
		SolutionGuid = {4F1F92C6-D06D-418F-90BA-91984CEABF32}
	EndGlobalSection
EndGlobal
